
Microsoft Visual Studio Solution File, Format Version 12.00
# Visual Studio Version 17
VisualStudioVersion = 17.0.31912.275
MinimumVisualStudioVersion = 10.0.40219.1
Project("{FAE04EC0-301F-11D3-BF4B-00C04F79EFBC}") = "KNX Secure Busmonitor.Android", "KNX Secure Busmonitor\KNX Secure Busmonitor.Android\KNX Secure Busmonitor.Android.csproj", "{78B0CF58-7E7D-4618-BE48-991757E3391B}"
EndProject
Project("{9A19103F-16F7-4668-BE54-9A1E7A4F7556}") = "KNX Secure Busmonitor", "KNX Secure Busmonitor\KNX Secure Busmonitor\KNX Secure Busmonitor.csproj", "{53BDCD87-F576-4912-BA58-2924F6FA3346}"
EndProject
Project("{2150E333-8FDC-42A3-9474-1A3956D46DE8}") = "Tests", "Tests", "{9F556973-169F-4A4D-8C59-B38C3A3C5FDC}"
EndProject
Project("{9A19103F-16F7-4668-BE54-9A1E7A4F7556}") = "KNX Secure Busmonitor Test", "KNX Secure Busmonitor Test\KNX Secure Busmonitor Test.csproj", "{52913C5C-C454-4628-A88A-A374A9A83DA1}"
EndProject
Project("{FAE04EC0-301F-11D3-BF4B-00C04F79EFBC}") = "KNX Secure Busmonitor.MAUI", "KNX Secure Busmonitor.MAUI\KNX Secure Busmonitor.MAUI.csproj", "{EEBC61AC-D35D-40B3-ABFE-A04E7CE3D90A}"
EndProject
Global
	GlobalSection(SolutionConfigurationPlatforms) = preSolution
		Debug|Any CPU = Debug|Any CPU
		Debug|ARM = Debug|ARM
		Debug|ARM64 = Debug|ARM64
		Debug|x64 = Debug|x64
		Debug|x86 = Debug|x86
		Release|Any CPU = Release|Any CPU
		Release|ARM = Release|ARM
		Release|ARM64 = Release|ARM64
		Release|x64 = Release|x64
		Release|x86 = Release|x86
	EndGlobalSection
	GlobalSection(ProjectConfigurationPlatforms) = postSolution
		{78B0CF58-7E7D-4618-BE48-991757E3391B}.Debug|Any CPU.ActiveCfg = Debug|Any CPU
		{78B0CF58-7E7D-4618-BE48-991757E3391B}.Debug|Any CPU.Build.0 = Debug|Any CPU
		{78B0CF58-7E7D-4618-BE48-991757E3391B}.Debug|Any CPU.Deploy.0 = Debug|Any CPU
		{78B0CF58-7E7D-4618-BE48-991757E3391B}.Debug|ARM.ActiveCfg = Debug|Any CPU
		{78B0CF58-7E7D-4618-BE48-991757E3391B}.Debug|ARM.Build.0 = Debug|Any CPU
		{78B0CF58-7E7D-4618-BE48-991757E3391B}.Debug|ARM.Deploy.0 = Debug|Any CPU
		{78B0CF58-7E7D-4618-BE48-991757E3391B}.Debug|ARM64.ActiveCfg = Debug|Any CPU
		{78B0CF58-7E7D-4618-BE48-991757E3391B}.Debug|ARM64.Build.0 = Debug|Any CPU
		{78B0CF58-7E7D-4618-BE48-991757E3391B}.Debug|ARM64.Deploy.0 = Debug|Any CPU
		{78B0CF58-7E7D-4618-BE48-991757E3391B}.Debug|x64.ActiveCfg = Debug|Any CPU
		{78B0CF58-7E7D-4618-BE48-991757E3391B}.Debug|x64.Build.0 = Debug|Any CPU
		{78B0CF58-7E7D-4618-BE48-991757E3391B}.Debug|x64.Deploy.0 = Debug|Any CPU
		{78B0CF58-7E7D-4618-BE48-991757E3391B}.Debug|x86.ActiveCfg = Debug|Any CPU
		{78B0CF58-7E7D-4618-BE48-991757E3391B}.Debug|x86.Build.0 = Debug|Any CPU
		{78B0CF58-7E7D-4618-BE48-991757E3391B}.Debug|x86.Deploy.0 = Debug|Any CPU
		{78B0CF58-7E7D-4618-BE48-991757E3391B}.Release|Any CPU.ActiveCfg = Release|Any CPU
		{78B0CF58-7E7D-4618-BE48-991757E3391B}.Release|Any CPU.Build.0 = Release|Any CPU
		{78B0CF58-7E7D-4618-BE48-991757E3391B}.Release|Any CPU.Deploy.0 = Release|Any CPU
		{78B0CF58-7E7D-4618-BE48-991757E3391B}.Release|ARM.ActiveCfg = Release|Any CPU
		{78B0CF58-7E7D-4618-BE48-991757E3391B}.Release|ARM.Build.0 = Release|Any CPU
		{78B0CF58-7E7D-4618-BE48-991757E3391B}.Release|ARM.Deploy.0 = Release|Any CPU
		{78B0CF58-7E7D-4618-BE48-991757E3391B}.Release|ARM64.ActiveCfg = Release|Any CPU
		{78B0CF58-7E7D-4618-BE48-991757E3391B}.Release|ARM64.Build.0 = Release|Any CPU
		{78B0CF58-7E7D-4618-BE48-991757E3391B}.Release|ARM64.Deploy.0 = Release|Any CPU
		{78B0CF58-7E7D-4618-BE48-991757E3391B}.Release|x64.ActiveCfg = Release|Any CPU
		{78B0CF58-7E7D-4618-BE48-991757E3391B}.Release|x64.Build.0 = Release|Any CPU
		{78B0CF58-7E7D-4618-BE48-991757E3391B}.Release|x64.Deploy.0 = Release|Any CPU
		{78B0CF58-7E7D-4618-BE48-991757E3391B}.Release|x86.ActiveCfg = Release|Any CPU
		{78B0CF58-7E7D-4618-BE48-991757E3391B}.Release|x86.Build.0 = Release|Any CPU
		{78B0CF58-7E7D-4618-BE48-991757E3391B}.Release|x86.Deploy.0 = Release|Any CPU
		{53BDCD87-F576-4912-BA58-2924F6FA3346}.Debug|Any CPU.ActiveCfg = Debug|Any CPU
		{53BDCD87-F576-4912-BA58-2924F6FA3346}.Debug|Any CPU.Build.0 = Debug|Any CPU
		{53BDCD87-F576-4912-BA58-2924F6FA3346}.Debug|Any CPU.Deploy.0 = Debug|Any CPU
		{53BDCD87-F576-4912-BA58-2924F6FA3346}.Debug|ARM.ActiveCfg = Debug|Any CPU
		{53BDCD87-F576-4912-BA58-2924F6FA3346}.Debug|ARM.Build.0 = Debug|Any CPU
		{53BDCD87-F576-4912-BA58-2924F6FA3346}.Debug|ARM64.ActiveCfg = Debug|Any CPU
		{53BDCD87-F576-4912-BA58-2924F6FA3346}.Debug|ARM64.Build.0 = Debug|Any CPU
		{53BDCD87-F576-4912-BA58-2924F6FA3346}.Debug|x64.ActiveCfg = Debug|Any CPU
		{53BDCD87-F576-4912-BA58-2924F6FA3346}.Debug|x64.Build.0 = Debug|Any CPU
		{53BDCD87-F576-4912-BA58-2924F6FA3346}.Debug|x86.ActiveCfg = Debug|Any CPU
		{53BDCD87-F576-4912-BA58-2924F6FA3346}.Debug|x86.Build.0 = Debug|Any CPU
		{53BDCD87-F576-4912-BA58-2924F6FA3346}.Release|Any CPU.ActiveCfg = Release|Any CPU
		{53BDCD87-F576-4912-BA58-2924F6FA3346}.Release|Any CPU.Build.0 = Release|Any CPU
		{53BDCD87-F576-4912-BA58-2924F6FA3346}.Release|Any CPU.Deploy.0 = Release|Any CPU
		{53BDCD87-F576-4912-BA58-2924F6FA3346}.Release|ARM.ActiveCfg = Release|Any CPU
		{53BDCD87-F576-4912-BA58-2924F6FA3346}.Release|ARM.Build.0 = Release|Any CPU
		{53BDCD87-F576-4912-BA58-2924F6FA3346}.Release|ARM64.ActiveCfg = Release|Any CPU
		{53BDCD87-F576-4912-BA58-2924F6FA3346}.Release|ARM64.Build.0 = Release|Any CPU
		{53BDCD87-F576-4912-BA58-2924F6FA3346}.Release|x64.ActiveCfg = Release|Any CPU
		{53BDCD87-F576-4912-BA58-2924F6FA3346}.Release|x64.Build.0 = Release|Any CPU
		{53BDCD87-F576-4912-BA58-2924F6FA3346}.Release|x86.ActiveCfg = Release|Any CPU
		{53BDCD87-F576-4912-BA58-2924F6FA3346}.Release|x86.Build.0 = Release|Any CPU
		{52913C5C-C454-4628-A88A-A374A9A83DA1}.Debug|Any CPU.ActiveCfg = Debug|Any CPU
		{52913C5C-C454-4628-A88A-A374A9A83DA1}.Debug|Any CPU.Build.0 = Debug|Any CPU
		{52913C5C-C454-4628-A88A-A374A9A83DA1}.Debug|ARM.ActiveCfg = Debug|Any CPU
		{52913C5C-C454-4628-A88A-A374A9A83DA1}.Debug|ARM.Build.0 = Debug|Any CPU
		{52913C5C-C454-4628-A88A-A374A9A83DA1}.Debug|ARM64.ActiveCfg = Debug|Any CPU
		{52913C5C-C454-4628-A88A-A374A9A83DA1}.Debug|ARM64.Build.0 = Debug|Any CPU
		{52913C5C-C454-4628-A88A-A374A9A83DA1}.Debug|x64.ActiveCfg = Debug|Any CPU
		{52913C5C-C454-4628-A88A-A374A9A83DA1}.Debug|x64.Build.0 = Debug|Any CPU
		{52913C5C-C454-4628-A88A-A374A9A83DA1}.Debug|x86.ActiveCfg = Debug|Any CPU
		{52913C5C-C454-4628-A88A-A374A9A83DA1}.Debug|x86.Build.0 = Debug|Any CPU
		{52913C5C-C454-4628-A88A-A374A9A83DA1}.Release|Any CPU.ActiveCfg = Release|Any CPU
		{52913C5C-C454-4628-A88A-A374A9A83DA1}.Release|Any CPU.Build.0 = Release|Any CPU
		{52913C5C-C454-4628-A88A-A374A9A83DA1}.Release|ARM.ActiveCfg = Release|Any CPU
		{52913C5C-C454-4628-A88A-A374A9A83DA1}.Release|ARM.Build.0 = Release|Any CPU
		{52913C5C-C454-4628-A88A-A374A9A83DA1}.Release|ARM64.ActiveCfg = Release|Any CPU
		{52913C5C-C454-4628-A88A-A374A9A83DA1}.Release|ARM64.Build.0 = Release|Any CPU
		{52913C5C-C454-4628-A88A-A374A9A83DA1}.Release|x64.ActiveCfg = Release|Any CPU
		{52913C5C-C454-4628-A88A-A374A9A83DA1}.Release|x64.Build.0 = Release|Any CPU
		{52913C5C-C454-4628-A88A-A374A9A83DA1}.Release|x86.ActiveCfg = Release|Any CPU
		{52913C5C-C454-4628-A88A-A374A9A83DA1}.Release|x86.Build.0 = Release|Any CPU
		{EEBC61AC-D35D-40B3-ABFE-A04E7CE3D90A}.Debug|Any CPU.ActiveCfg = Debug|Any CPU
		{EEBC61AC-D35D-40B3-ABFE-A04E7CE3D90A}.Debug|Any CPU.Build.0 = Debug|Any CPU
		{EEBC61AC-D35D-40B3-ABFE-A04E7CE3D90A}.Debug|Any CPU.Deploy.0 = Debug|Any CPU
		{EEBC61AC-D35D-40B3-ABFE-A04E7CE3D90A}.Debug|ARM.ActiveCfg = Debug|Any CPU
		{EEBC61AC-D35D-40B3-ABFE-A04E7CE3D90A}.Debug|ARM.Build.0 = Debug|Any CPU
		{EEBC61AC-D35D-40B3-ABFE-A04E7CE3D90A}.Debug|ARM.Deploy.0 = Debug|Any CPU
		{EEBC61AC-D35D-40B3-ABFE-A04E7CE3D90A}.Debug|ARM64.ActiveCfg = Debug|Any CPU
		{EEBC61AC-D35D-40B3-ABFE-A04E7CE3D90A}.Debug|ARM64.Build.0 = Debug|Any CPU
		{EEBC61AC-D35D-40B3-ABFE-A04E7CE3D90A}.Debug|ARM64.Deploy.0 = Debug|Any CPU
		{EEBC61AC-D35D-40B3-ABFE-A04E7CE3D90A}.Debug|x64.ActiveCfg = Debug|Any CPU
		{EEBC61AC-D35D-40B3-ABFE-A04E7CE3D90A}.Debug|x64.Build.0 = Debug|Any CPU
		{EEBC61AC-D35D-40B3-ABFE-A04E7CE3D90A}.Debug|x64.Deploy.0 = Debug|Any CPU
		{EEBC61AC-D35D-40B3-ABFE-A04E7CE3D90A}.Debug|x86.ActiveCfg = Debug|Any CPU
		{EEBC61AC-D35D-40B3-ABFE-A04E7CE3D90A}.Debug|x86.Build.0 = Debug|Any CPU
		{EEBC61AC-D35D-40B3-ABFE-A04E7CE3D90A}.Debug|x86.Deploy.0 = Debug|Any CPU
		{EEBC61AC-D35D-40B3-ABFE-A04E7CE3D90A}.Release|Any CPU.ActiveCfg = Release|Any CPU
		{EEBC61AC-D35D-40B3-ABFE-A04E7CE3D90A}.Release|Any CPU.Build.0 = Release|Any CPU
		{EEBC61AC-D35D-40B3-ABFE-A04E7CE3D90A}.Release|ARM.ActiveCfg = Release|Any CPU
		{EEBC61AC-D35D-40B3-ABFE-A04E7CE3D90A}.Release|ARM.Build.0 = Release|Any CPU
		{EEBC61AC-D35D-40B3-ABFE-A04E7CE3D90A}.Release|ARM64.ActiveCfg = Release|Any CPU
		{EEBC61AC-D35D-40B3-ABFE-A04E7CE3D90A}.Release|ARM64.Build.0 = Release|Any CPU
		{EEBC61AC-D35D-40B3-ABFE-A04E7CE3D90A}.Release|x64.ActiveCfg = Release|Any CPU
		{EEBC61AC-D35D-40B3-ABFE-A04E7CE3D90A}.Release|x64.Build.0 = Release|Any CPU
		{EEBC61AC-D35D-40B3-ABFE-A04E7CE3D90A}.Release|x86.ActiveCfg = Release|Any CPU
		{EEBC61AC-D35D-40B3-ABFE-A04E7CE3D90A}.Release|x86.Build.0 = Release|Any CPU
	EndGlobalSection
	GlobalSection(SolutionProperties) = preSolution
		HideSolutionNode = FALSE
	EndGlobalSection
	GlobalSection(NestedProjects) = preSolution
		{52913C5C-C454-4628-A88A-A374A9A83DA1} = {9F556973-169F-4A4D-8C59-B38C3A3C5FDC}
	EndGlobalSection
	GlobalSection(ExtensibilityGlobals) = postSolution
		SolutionGuid = {B7F5A5B7-D410-455D-A888-4542EBF36228}
	EndGlobalSection
EndGlobal
