
Microsoft Visual Studio Solution File, Format Version 12.00
# Visual Studio Version 18
VisualStudioVersion = 18.0.11217.181
MinimumVisualStudioVersion = 10.0.40219.1
Project("{2150E333-8FDC-42A3-9474-1A3956D46DE8}") = "Tests", "Tests", "{9F556973-169F-4A4D-8C59-B38C3A3C5FDC}"
EndProject
Project("{FAE04EC0-301F-11D3-BF4B-00C04F79EFBC}") = "KNX Secure Busmonitor MAUI", "KNX Secure Busmonitor MAUI\KNX Secure Busmonitor MAUI.csproj", "{03D0F525-A620-41B4-B7E0-780B3457BF0E}"
EndProject
Global
	GlobalSection(SolutionConfigurationPlatforms) = preSolution
		Debug|Any CPU = Debug|Any CPU
		Debug|ARM = Debug|ARM
		Debug|ARM64 = Debug|ARM64
		Debug|x64 = Debug|x64
		Debug|x86 = Debug|x86
		Release|Any CPU = Release|Any CPU
		Release|ARM = Release|ARM
		Release|ARM64 = Release|ARM64
		Release|x64 = Release|x64
		Release|x86 = Release|x86
	EndGlobalSection
	GlobalSection(ProjectConfigurationPlatforms) = postSolution
		{03D0F525-A620-41B4-B7E0-780B3457BF0E}.Debug|Any CPU.ActiveCfg = Debug|Any CPU
		{03D0F525-A620-41B4-B7E0-780B3457BF0E}.Debug|Any CPU.Build.0 = Debug|Any CPU
		{03D0F525-A620-41B4-B7E0-780B3457BF0E}.Debug|Any CPU.Deploy.0 = Debug|Any CPU
		{03D0F525-A620-41B4-B7E0-780B3457BF0E}.Debug|ARM.ActiveCfg = Debug|Any CPU
		{03D0F525-A620-41B4-B7E0-780B3457BF0E}.Debug|ARM.Build.0 = Debug|Any CPU
		{03D0F525-A620-41B4-B7E0-780B3457BF0E}.Debug|ARM.Deploy.0 = Debug|Any CPU
		{03D0F525-A620-41B4-B7E0-780B3457BF0E}.Debug|ARM64.ActiveCfg = Debug|Any CPU
		{03D0F525-A620-41B4-B7E0-780B3457BF0E}.Debug|ARM64.Build.0 = Debug|Any CPU
		{03D0F525-A620-41B4-B7E0-780B3457BF0E}.Debug|ARM64.Deploy.0 = Debug|Any CPU
		{03D0F525-A620-41B4-B7E0-780B3457BF0E}.Debug|x64.ActiveCfg = Debug|Any CPU
		{03D0F525-A620-41B4-B7E0-780B3457BF0E}.Debug|x64.Build.0 = Debug|Any CPU
		{03D0F525-A620-41B4-B7E0-780B3457BF0E}.Debug|x64.Deploy.0 = Debug|Any CPU
		{03D0F525-A620-41B4-B7E0-780B3457BF0E}.Debug|x86.ActiveCfg = Debug|Any CPU
		{03D0F525-A620-41B4-B7E0-780B3457BF0E}.Debug|x86.Build.0 = Debug|Any CPU
		{03D0F525-A620-41B4-B7E0-780B3457BF0E}.Debug|x86.Deploy.0 = Debug|Any CPU
		{03D0F525-A620-41B4-B7E0-780B3457BF0E}.Release|Any CPU.ActiveCfg = Release|Any CPU
		{03D0F525-A620-41B4-B7E0-780B3457BF0E}.Release|Any CPU.Build.0 = Release|Any CPU
		{03D0F525-A620-41B4-B7E0-780B3457BF0E}.Release|Any CPU.Deploy.0 = Release|Any CPU
		{03D0F525-A620-41B4-B7E0-780B3457BF0E}.Release|ARM.ActiveCfg = Release|Any CPU
		{03D0F525-A620-41B4-B7E0-780B3457BF0E}.Release|ARM.Build.0 = Release|Any CPU
		{03D0F525-A620-41B4-B7E0-780B3457BF0E}.Release|ARM.Deploy.0 = Release|Any CPU
		{03D0F525-A620-41B4-B7E0-780B3457BF0E}.Release|ARM64.ActiveCfg = Release|Any CPU
		{03D0F525-A620-41B4-B7E0-780B3457BF0E}.Release|ARM64.Build.0 = Release|Any CPU
		{03D0F525-A620-41B4-B7E0-780B3457BF0E}.Release|ARM64.Deploy.0 = Release|Any CPU
		{03D0F525-A620-41B4-B7E0-780B3457BF0E}.Release|x64.ActiveCfg = Release|Any CPU
		{03D0F525-A620-41B4-B7E0-780B3457BF0E}.Release|x64.Build.0 = Release|Any CPU
		{03D0F525-A620-41B4-B7E0-780B3457BF0E}.Release|x64.Deploy.0 = Release|Any CPU
		{03D0F525-A620-41B4-B7E0-780B3457BF0E}.Release|x86.ActiveCfg = Release|Any CPU
		{03D0F525-A620-41B4-B7E0-780B3457BF0E}.Release|x86.Build.0 = Release|Any CPU
		{03D0F525-A620-41B4-B7E0-780B3457BF0E}.Release|x86.Deploy.0 = Release|Any CPU
	EndGlobalSection
	GlobalSection(SolutionProperties) = preSolution
		HideSolutionNode = FALSE
	EndGlobalSection
	GlobalSection(ExtensibilityGlobals) = postSolution
		SolutionGuid = {B7F5A5B7-D410-455D-A888-4542EBF36228}
	EndGlobalSection
EndGlobal
